Microsoft Visual Studio Solution File, Format Version 12.00
# Visual Studio 15
VisualStudioVersion = 15.0.27130.2027
MinimumVisualStudioVersion = 10.0.40219.1
Project("{9A19103F-16F7-4668-BE54-9A1E7A4F7556}") = "MusicStoreDemo", "Frontend\MusicStoreDemo.csproj", "{4234BAF8-1E7C-47FC-B626-25E6EE33DE49}"
EndProject
Project("{9A19103F-16F7-4668-BE54-9A1E7A4F7556}") = "MusicStoreDemo.Database", "Database\MusicStoreDemo.Database.csproj", "{7952B255-8085-440D-ACC2-7A34795BC477}"
EndProject
Project("{9A19103F-16F7-4668-BE54-9A1E7A4F7556}") = "MusicStoreDemo.Tests", "Tests\MusicStoreDemo.Tests.csproj", "{5CA9BE04-375F-41B8-93F4-E629EAFA5BC3}"
EndProject
Project("{9A19103F-16F7-4668-BE54-9A1E7A4F7556}") = "MusicStoreDemo.Common", "Common\MusicStoreDemo.Common.csproj", "{342A24B0-78C6-4CF0-A565-C5897AD3C924}"
EndProject
Project("{9A19103F-16F7-4668-BE54-9A1E7A4F7556}") = "DatabaseSeeder", "DatabaseSeeder\DatabaseSeeder.csproj", "{33F6A71A-E789-4DA2-A582-5D6F52CCF75B}"
EndProject
Project("{9A19103F-16F7-4668-BE54-9A1E7A4F7556}") = "MusicStoreDemo.AdminSite", "AdminSite\MusicStoreDemo.AdminSite.csproj", "{C2B8BE7E-6765-4600-8310-F9E0EC9207B1}"
EndProject
Project("{9A19103F-16F7-4668-BE54-9A1E7A4F7556}") = "MusicStoreDemo.IdentityServer", "IdentityServer\MusicStoreDemo.IdentityServer.csproj", "{107F7717-C30D-4254-932D-BC114E33AC36}"
EndProject
Project("{2150E333-8FDC-42A3-9474-1A3956D46DE8}") = "Util", "Util", "{49523AD7-7AC2-47E5-BBC4-0EF02F1C28F4}"
EndProject
Project("{2150E333-8FDC-42A3-9474-1A3956D46DE8}") = "Common", "Common", "{E73E3A0A-FF08-44F3-906D-D22A77926A18}"
EndProject
Project("{2150E333-8FDC-42A3-9474-1A3956D46DE8}") = "Solution Items", "Solution Items", "{F95E61DC-85F7-4F1F-802A-FE9928983B34}"
EndProject
Project("{9A19103F-16F7-4668-BE54-9A1E7A4F7556}") = "DatabaseMySqlMigrations", "DatabaseMySqlMigrations\DatabaseMySqlMigrations.csproj", "{F6EE2F41-EF0C-428C-8E92-643EAB734077}"
EndProject
Project("{9A19103F-16F7-4668-BE54-9A1E7A4F7556}") = "oauthtest", "samples\oauthtest\oauthtest.csproj", "{C917D4F2-A356-4206-BF87-7597177519A9}"
EndProject
Global
	GlobalSection(SolutionConfigurationPlatforms) = preSolution
		Debug|Any CPU = Debug|Any CPU
		Release|Any CPU = Release|Any CPU
	EndGlobalSection
	GlobalSection(ProjectConfigurationPlatforms) = postSolution
		{4234BAF8-1E7C-47FC-B626-25E6EE33DE49}.Debug|Any CPU.ActiveCfg = Debug|Any CPU
		{4234BAF8-1E7C-47FC-B626-25E6EE33DE49}.Debug|Any CPU.Build.0 = Debug|Any CPU
		{4234BAF8-1E7C-47FC-B626-25E6EE33DE49}.Release|Any CPU.ActiveCfg = Release|Any CPU
		{4234BAF8-1E7C-47FC-B626-25E6EE33DE49}.Release|Any CPU.Build.0 = Release|Any CPU
		{7952B255-8085-440D-ACC2-7A34795BC477}.Debug|Any CPU.ActiveCfg = Debug|Any CPU
		{7952B255-8085-440D-ACC2-7A34795BC477}.Debug|Any CPU.Build.0 = Debug|Any CPU
		{7952B255-8085-440D-ACC2-7A34795BC477}.Release|Any CPU.ActiveCfg = Release|Any CPU
		{7952B255-8085-440D-ACC2-7A34795BC477}.Release|Any CPU.Build.0 = Release|Any CPU
		{5CA9BE04-375F-41B8-93F4-E629EAFA5BC3}.Debug|Any CPU.ActiveCfg = Debug|Any CPU
		{5CA9BE04-375F-41B8-93F4-E629EAFA5BC3}.Debug|Any CPU.Build.0 = Debug|Any CPU
		{5CA9BE04-375F-41B8-93F4-E629EAFA5BC3}.Release|Any CPU.ActiveCfg = Release|Any CPU
		{5CA9BE04-375F-41B8-93F4-E629EAFA5BC3}.Release|Any CPU.Build.0 = Release|Any CPU
		{342A24B0-78C6-4CF0-A565-C5897AD3C924}.Debug|Any CPU.ActiveCfg = Debug|Any CPU
		{342A24B0-78C6-4CF0-A565-C5897AD3C924}.Debug|Any CPU.Build.0 = Debug|Any CPU
		{342A24B0-78C6-4CF0-A565-C5897AD3C924}.Release|Any CPU.ActiveCfg = Release|Any CPU
		{342A24B0-78C6-4CF0-A565-C5897AD3C924}.Release|Any CPU.Build.0 = Release|Any CPU
		{33F6A71A-E789-4DA2-A582-5D6F52CCF75B}.Debug|Any CPU.ActiveCfg = Debug|Any CPU
		{33F6A71A-E789-4DA2-A582-5D6F52CCF75B}.Debug|Any CPU.Build.0 = Debug|Any CPU
		{33F6A71A-E789-4DA2-A582-5D6F52CCF75B}.Release|Any CPU.ActiveCfg = Release|Any CPU
		{33F6A71A-E789-4DA2-A582-5D6F52CCF75B}.Release|Any CPU.Build.0 = Release|Any CPU
		{C2B8BE7E-6765-4600-8310-F9E0EC9207B1}.Debug|Any CPU.ActiveCfg = Debug|Any CPU
		{C2B8BE7E-6765-4600-8310-F9E0EC9207B1}.Debug|Any CPU.Build.0 = Debug|Any CPU
		{C2B8BE7E-6765-4600-8310-F9E0EC9207B1}.Release|Any CPU.ActiveCfg = Release|Any CPU
		{C2B8BE7E-6765-4600-8310-F9E0EC9207B1}.Release|Any CPU.Build.0 = Release|Any CPU
		{107F7717-C30D-4254-932D-BC114E33AC36}.Debug|Any CPU.ActiveCfg = Debug|Any CPU
		{107F7717-C30D-4254-932D-BC114E33AC36}.Debug|Any CPU.Build.0 = Debug|Any CPU
		{107F7717-C30D-4254-932D-BC114E33AC36}.Release|Any CPU.ActiveCfg = Release|Any CPU
		{107F7717-C30D-4254-932D-BC114E33AC36}.Release|Any CPU.Build.0 = Release|Any CPU
		{F6EE2F41-EF0C-428C-8E92-643EAB734077}.Debug|Any CPU.ActiveCfg = Debug|Any CPU
		{F6EE2F41-EF0C-428C-8E92-643EAB734077}.Debug|Any CPU.Build.0 = Debug|Any CPU
		{F6EE2F41-EF0C-428C-8E92-643EAB734077}.Release|Any CPU.ActiveCfg = Release|Any CPU
		{F6EE2F41-EF0C-428C-8E92-643EAB734077}.Release|Any CPU.Build.0 = Release|Any CPU
		{C917D4F2-A356-4206-BF87-7597177519A9}.Debug|Any CPU.ActiveCfg = Debug|Any CPU
		{C917D4F2-A356-4206-BF87-7597177519A9}.Debug|Any CPU.Build.0 = Debug|Any CPU
		{C917D4F2-A356-4206-BF87-7597177519A9}.Release|Any CPU.ActiveCfg = Release|Any CPU
		{C917D4F2-A356-4206-BF87-7597177519A9}.Release|Any CPU.Build.0 = Release|Any CPU
	EndGlobalSection
	GlobalSection(SolutionProperties) = preSolution
		HideSolutionNode = FALSE
	EndGlobalSection
	GlobalSection(NestedProjects) = preSolution
		{7952B255-8085-440D-ACC2-7A34795BC477} = {E73E3A0A-FF08-44F3-906D-D22A77926A18}
		{342A24B0-78C6-4CF0-A565-C5897AD3C924} = {E73E3A0A-FF08-44F3-906D-D22A77926A18}
		{33F6A71A-E789-4DA2-A582-5D6F52CCF75B} = {49523AD7-7AC2-47E5-BBC4-0EF02F1C28F4}
		{F6EE2F41-EF0C-428C-8E92-643EAB734077} = {E73E3A0A-FF08-44F3-906D-D22A77926A18}
	EndGlobalSection
	GlobalSection(ExtensibilityGlobals) = postSolution
		SolutionGuid = {05591D24-37A2-4A48-9D95-ABE805F7B8A8}
	EndGlobalSection
EndGlobal
